<?xml version="1.0" encoding="utf-8"?>
<Project ToolsVersion="4.0" xmlns="http://schemas.microsoft.com/developer/msbuild/2003">
  <ItemGroup>
    <Filter Include="Source Files">
      <UniqueIdentifier>{4FC737F1-C7A5-4376-A066-2A32D752A2FF}</UniqueIdentifier>
      <Extensions>cpp;c;cc;cxx;c++;cppm;ixx;def;odl;idl;hpj;bat;asm;asmx</Extensions>
    </Filter>
    <Filter Include="Header Files">
      <UniqueIdentifier>{93995380-89BD-4b04-88EB-625FBE52EBFB}</UniqueIdentifier>
      <Extensions>h;hh;hpp;hxx;h++;hm;inl;inc;ipp;xsd</Extensions>
    </Filter>
    <Filter Include="Resource Files">
      <UniqueIdentifier>{67DA6AB6-F800-4c08-8B7A-83BB121AAD01}</UniqueIdentifier>
      <Extensions>rc;ico;cur;bmp;dlg;rc2;rct;bin;rgs;gif;jpg;jpeg;jpe;resx;tiff;tif;png;wav;mfcribbon-ms</Extensions>
    </Filter>
    <Filter Include="Engine">
      <UniqueIdentifier>{6c204ad3-7c89-40c7-a310-6d2d0e60d868}</UniqueIdentifier>
    </Filter>
    <Filter Include="Engine\Source Files">
      <UniqueIdentifier>{eb899d93-6de3-4d91-9e30-8ed7f68ff006}</UniqueIdentifier>
    </Filter>
    <Filter Include="Engine\Source Files\Bindable">
      <UniqueIdentifier>{575c1f9b-6333-4446-9c77-d834f232d404}</UniqueIdentifier>
    </Filter>
    <Filter Include="Engine\Source Files\Graphics">
      <UniqueIdentifier>{1d5799a7-bb62-48b0-9d31-7d7b5eac5b37}</UniqueIdentifier>
    </Filter>
    <Filter Include="Engine\Source Files\Util">
      <UniqueIdentifier>{72957047-6853-4bc7-b1ec-803c1e37fae4}</UniqueIdentifier>
    </Filter>
    <Filter Include="Engine\Header Files">
      <UniqueIdentifier>{586b8eb7-9ce0-4d73-8078-72dd722daac0}</UniqueIdentifier>
    </Filter>
    <Filter Include="Engine\Header Files\Bindable">
      <UniqueIdentifier>{626c3dcc-d383-40a3-bfa1-87bd6864070d}</UniqueIdentifier>
    </Filter>
    <Filter Include="Engine\Header Files\Graphics">
      <UniqueIdentifier>{e7421117-f3f5-4f66-9886-d75918c3a866}</UniqueIdentifier>
    </Filter>
    <Filter Include="Engine\Header Files\Util">
      <UniqueIdentifier>{c2c7755a-ccbb-4a54-a6ca-9666c68c5db3}</UniqueIdentifier>
    </Filter>
    <Filter Include="Engine\Shaders">
      <UniqueIdentifier>{4c4f8ab6-155a-4061-97c7-e927003ff8c9}</UniqueIdentifier>
    </Filter>
    <Filter Include="Source Files\World">
      <UniqueIdentifier>{210d4734-bce8-48ee-9bf2-0745a5c6737c}</UniqueIdentifier>
    </Filter>
    <Filter Include="Header Files\World">
      <UniqueIdentifier>{52fd29bf-8373-4d5f-a979-0534f1e025d9}</UniqueIdentifier>
    </Filter>
    <Filter Include="Source Files\World\Gen">
      <UniqueIdentifier>{8909a80a-9371-4936-865f-21066c55b522}</UniqueIdentifier>
    </Filter>
    <Filter Include="Header Files\World\Gen">
      <UniqueIdentifier>{9ded9242-023b-42d2-a58e-f77e214820cb}</UniqueIdentifier>
    </Filter>
    <Filter Include="Source Files\Graphics">
      <UniqueIdentifier>{cfab6132-66aa-4a7b-8fb8-6813cfd1cf5d}</UniqueIdentifier>
    </Filter>
    <Filter Include="Source Files\Physics">
      <UniqueIdentifier>{d1767361-478d-4ef3-8509-fc3098f8e9a6}</UniqueIdentifier>
    </Filter>
    <Filter Include="Header Files\Graphics">
      <UniqueIdentifier>{2b793fdb-d6f2-4c82-8cc4-de339057c7df}</UniqueIdentifier>
    </Filter>
    <Filter Include="Header Files\Physics">
      <UniqueIdentifier>{a8b6cb65-ebc4-41a8-aed4-ea443a6fce56}</UniqueIdentifier>
    </Filter>
    <Filter Include="Header Files\Entity">
      <UniqueIdentifier>{cf505a6a-8a7a-440f-b918-8ba42a0f168e}</UniqueIdentifier>
    </Filter>
    <Filter Include="Source Files\Entity">
      <UniqueIdentifier>{d2380f47-9953-4ae2-bc1c-8533f8e65c34}</UniqueIdentifier>
    </Filter>
  </ItemGroup>
  <ItemGroup>
    <ClCompile Include="WinMain.cpp">
      <Filter>Source Files</Filter>
    </ClCompile>
    <ClCompile Include="Clock.cpp">
      <Filter>Engine\Source Files\Util</Filter>
    </ClCompile>
    <ClCompile Include="Debug.cpp">
      <Filter>Engine\Source Files\Util</Filter>
    </ClCompile>
    <ClCompile Include="Bindable.cpp">
      <Filter>Engine\Source Files\Bindable</Filter>
    </ClCompile>
    <ClCompile Include="IndexBuffer.cpp">
      <Filter>Engine\Source Files\Bindable</Filter>
    </ClCompile>
    <ClCompile Include="VertexBuffer.cpp">
      <Filter>Engine\Source Files\Bindable</Filter>
    </ClCompile>
    <ClCompile Include="Shader.cpp">
      <Filter>Engine\Source Files\Bindable</Filter>
    </ClCompile>
    <ClCompile Include="Graphics.cpp">
      <Filter>Engine\Source Files\Graphics</Filter>
    </ClCompile>
    <ClCompile Include="Drawable.cpp">
      <Filter>Engine\Source Files\Graphics</Filter>
    </ClCompile>
    <ClCompile Include="Image.cpp">
      <Filter>Engine\Source Files\Graphics</Filter>
    </ClCompile>
    <ClCompile Include="GdiplusManager.cpp">
      <Filter>Engine\Source Files\Util</Filter>
    </ClCompile>
    <ClCompile Include="LightManager.cpp">
      <Filter>Engine\Source Files\Bindable</Filter>
    </ClCompile>
    <ClCompile Include="Material.cpp">
      <Filter>Engine\Source Files\Bindable</Filter>
    </ClCompile>
    <ClCompile Include="Blender.cpp">
      <Filter>Engine\Source Files\Bindable</Filter>
    </ClCompile>
    <ClCompile Include="Sampler.cpp">
      <Filter>Engine\Source Files\Bindable</Filter>
    </ClCompile>
    <ClCompile Include="Texture.cpp">
      <Filter>Engine\Source Files\Bindable</Filter>
    </ClCompile>
    <ClCompile Include="Window.cpp">
      <Filter>Engine\Source Files</Filter>
    </ClCompile>
    <ClCompile Include="Event.cpp">
      <Filter>Engine\Source Files</Filter>
    </ClCompile>
    <ClCompile Include="Keyboard.cpp">
      <Filter>Engine\Source Files</Filter>
    </ClCompile>
    <ClCompile Include="World.cpp">
      <Filter>Source Files\World</Filter>
    </ClCompile>
    <ClCompile Include="Chunk.cpp">
      <Filter>Source Files\World</Filter>
    </ClCompile>
    <ClCompile Include="BlockConstants.cpp">
      <Filter>Source Files\World</Filter>
    </ClCompile>
    <ClCompile Include="TerrainGenerator.cpp">
      <Filter>Source Files\World\Gen</Filter>
    </ClCompile>
    <ClCompile Include="Frustum.cpp">
      <Filter>Source Files\Graphics</Filter>
    </ClCompile>
    <ClCompile Include="Camera.cpp">
      <Filter>Engine\Source Files\Graphics</Filter>
    </ClCompile>
    <ClCompile Include="RenderCamera.cpp">
      <Filter>Source Files\Graphics</Filter>
    </ClCompile>
    <ClCompile Include="AABB.cpp">
      <Filter>Source Files\Physics</Filter>
    </ClCompile>
    <ClCompile Include="Mouse.cpp">
      <Filter>Engine\Source Files</Filter>
    </ClCompile>
    <ClCompile Include="Ray.cpp">
      <Filter>Source Files\Physics</Filter>
    </ClCompile>
    <ClCompile Include="Entity.cpp">
      <Filter>Source Files\Entity</Filter>
    </ClCompile>
    <ClCompile Include="Player.cpp">
      <Filter>Source Files\Entity</Filter>
    </ClCompile>
    <ClCompile Include="Biome.cpp">
      <Filter>Source Files\World\Gen</Filter>
    </ClCompile>
    <ClCompile Include="Structure.cpp">
      <Filter>Source Files\World\Gen</Filter>
    </ClCompile>
    <ClCompile Include="Position.cpp">
      <Filter>Source Files\Entity</Filter>
    </ClCompile>
    <ClCompile Include="Random.cpp">
      <Filter>Engine\Source Files\Util</Filter>
    </ClCompile>
    <ClCompile Include="NoiseGenerator.cpp">
      <Filter>Engine\Source Files\Util</Filter>
    </ClCompile>
  </ItemGroup>
  <ItemGroup>
    <ClInclude Include="Clock.h">
      <Filter>Engine\Header Files\Util</Filter>
    </ClInclude>
    <ClInclude Include="Debug.h">
      <Filter>Engine\Header Files\Util</Filter>
    </ClInclude>
    <ClInclude Include="Bindable.h">
      <Filter>Engine\Header Files\Bindable</Filter>
    </ClInclude>
    <ClInclude Include="IndexBuffer.h">
      <Filter>Engine\Header Files\Bindable</Filter>
    </ClInclude>
    <ClInclude Include="VertexBuffer.h">
      <Filter>Engine\Header Files\Bindable</Filter>
    </ClInclude>
    <ClInclude Include="ConstantBuffer.h">
      <Filter>Engine\Header Files\Bindable</Filter>
    </ClInclude>
    <ClInclude Include="Shader.h">
      <Filter>Engine\Header Files\Bindable</Filter>
    </ClInclude>
    <ClInclude Include="Graphics.h">
      <Filter>Engine\Header Files\Graphics</Filter>
    </ClInclude>
    <ClInclude Include="Drawable.h">
      <Filter>Engine\Header Files\Graphics</Filter>
    </ClInclude>
    <ClInclude Include="Color.h">
      <Filter>Engine\Header Files\Graphics</Filter>
    </ClInclude>
    <ClInclude Include="Image.h">
      <Filter>Engine\Header Files\Graphics</Filter>
    </ClInclude>
    <ClInclude Include="GdiplusManager.h">
      <Filter>Engine\Header Files\Util</Filter>
    </ClInclude>
    <ClInclude Include="IndexedTriangleList.h">
      <Filter>Engine\Header Files\Graphics</Filter>
    </ClInclude>
    <ClInclude Include="LightManager.h">
      <Filter>Engine\Header Files\Bindable</Filter>
    </ClInclude>
    <ClInclude Include="Material.h">
      <Filter>Engine\Header Files\Bindable</Filter>
    </ClInclude>
    <ClInclude Include="PerGraphicsCBuffers.h">
      <Filter>Engine\Header Files\Graphics</Filter>
    </ClInclude>
    <ClInclude Include="Blender.h">
      <Filter>Engine\Header Files\Bindable</Filter>
    </ClInclude>
    <ClInclude Include="Sampler.h">
      <Filter>Engine\Header Files\Bindable</Filter>
    </ClInclude>
    <ClInclude Include="Texture.h">
      <Filter>Engine\Header Files\Bindable</Filter>
    </ClInclude>
    <ClInclude Include="Window.h">
      <Filter>Engine\Header Files</Filter>
    </ClInclude>
    <ClInclude Include="Event.h">
      <Filter>Engine\Header Files</Filter>
    </ClInclude>
    <ClInclude Include="Keyboard.h">
      <Filter>Engine\Header Files</Filter>
    </ClInclude>
    <ClInclude Include="NonCopyable.h">
      <Filter>Engine\Header Files</Filter>
    </ClInclude>
    <ClInclude Include="Transform.h">
      <Filter>Engine\Header Files</Filter>
    </ClInclude>
    <ClInclude Include="Vector2.h">
      <Filter>Engine\Header Files</Filter>
    </ClInclude>
    <ClInclude Include="Vector3.h">
      <Filter>Engine\Header Files</Filter>
    </ClInclude>
    <ClInclude Include="Primitive.h">
      <Filter>Engine\Header Files\Util</Filter>
    </ClInclude>
    <ClInclude Include="BlockConstants.h">
      <Filter>Header Files\World</Filter>
    </ClInclude>
    <ClInclude Include="World.h">
      <Filter>Header Files\World</Filter>
    </ClInclude>
    <ClInclude Include="Chunk.h">
      <Filter>Header Files\World</Filter>
    </ClInclude>
    <ClInclude Include="TerrainGenerator.h">
      <Filter>Header Files\World\Gen</Filter>
    </ClInclude>
    <ClInclude Include="Frustum.h">
      <Filter>Header Files\Graphics</Filter>
    </ClInclude>
    <ClInclude Include="IChunkMap.h">
      <Filter>Header Files\World</Filter>
    </ClInclude>
    <ClInclude Include="Camera.h">
      <Filter>Engine\Header Files\Graphics</Filter>
    </ClInclude>
    <ClInclude Include="Vertex.h">
      <Filter>Header Files\Graphics</Filter>
    </ClInclude>
    <ClInclude Include="RenderCamera.h">
      <Filter>Header Files\Graphics</Filter>
    </ClInclude>
    <ClInclude Include="AABB.h">
      <Filter>Header Files\Physics</Filter>
    </ClInclude>
    <ClInclude Include="Mouse.h">
      <Filter>Engine\Header Files</Filter>
    </ClInclude>
    <ClInclude Include="Ray.h">
      <Filter>Header Files\Physics</Filter>
    </ClInclude>
    <ClInclude Include="Entity.h">
      <Filter>Header Files\Entity</Filter>
    </ClInclude>
    <ClInclude Include="Player.h">
      <Filter>Header Files\Entity</Filter>
    </ClInclude>
    <ClInclude Include="NoiseGenerator.h">
      <Filter>Engine\Header Files\Util</Filter>
    </ClInclude>
    <ClInclude Include="Random.h">
      <Filter>Engine\Header Files\Util</Filter>
    </ClInclude>
    <ClInclude Include="Biome.h">
      <Filter>Header Files\World\Gen</Filter>
    </ClInclude>
    <ClInclude Include="Structure.h">
      <Filter>Header Files\World\Gen</Filter>
    </ClInclude>
    <ClInclude Include="Position.h">
      <Filter>Header Files\Entity</Filter>
    </ClInclude>
  </ItemGroup>
  <ItemGroup>
    <FxCompile Include="PhongPS.hlsl">
      <Filter>Engine\Shaders</Filter>
    </FxCompile>
    <FxCompile Include="PlantsVS.hlsl">
      <Filter>Engine\Shaders</Filter>
    </FxCompile>
    <FxCompile Include="WaterVS.hlsl">
      <Filter>Engine\Shaders</Filter>
    </FxCompile>
    <FxCompile Include="TerrainVS.hlsl">
      <Filter>Engine\Shaders</Filter>
    </FxCompile>
  </ItemGroup>
</Project>